
Microsoft Visual Studio Solution File, Format Version 12.00
# Visual Studio Version 16
VisualStudioVersion = 16.0.30717.126
MinimumVisualStudioVersion = 10.0.40219.1
Project("{FAE04EC0-301F-11D3-BF4B-00C04F79EFBC}") = "jQuery-File-Upload-mvc45", "jQuery-File-Upload-mvc45\jQuery-File-Upload-mvc45.csproj", "{D45F9E80-81F1-4563-8EE2-63738D539DBC}"
EndProject
Global
	GlobalSection(SolutionConfigurationPlatforms) = preSolution
		Debug|Any CPU = Debug|Any CPU
		Release|Any CPU = Release|Any CPU
	EndGlobalSection
	GlobalSection(ProjectConfigurationPlatforms) = postSolution
		{D45F9E80-81F1-4563-8EE2-63738D539DBC}.Debug|Any CPU.ActiveCfg = Debug|Any CPU
		{D45F9E80-81F1-4563-8EE2-63738D539DBC}.Debug|Any CPU.Build.0 = Debug|Any CPU
		{D45F9E80-81F1-4563-8EE2-63738D539DBC}.Release|Any CPU.ActiveCfg = Release|Any CPU
		{D45F9E80-81F1-4563-8EE2-63738D539DBC}.Release|Any CPU.Build.0 = Release|Any CPU
	EndGlobalSection
	GlobalSection(SolutionProperties) = preSolution
		HideSolutionNode = FALSE
	EndGlobalSection
	GlobalSection(ExtensibilityGlobals) = postSolution
		SolutionGuid = {82A749CB-CB74-4658-AAD0-A98D80DBF4FF}
	EndGlobalSection
EndGlobal
